
Microsoft Visual Studio Solution File, Format Version 12.00
# Visual Studio Version 16
VisualStudioVersion = 16.0.30711.63
MinimumVisualStudioVersion = 10.0.40219.1
Project("{FAE04EC0-301F-11D3-BF4B-00C04F79EFBC}") = "ControleDeContatos", "ControleDeContatos.csproj", "{A78A7425-E362-49E5-9491-971AEEFD81E0}"
EndProject
Global
	GlobalSection(SolutionConfigurationPlatforms) = preSolution
		Debug|Any CPU = Debug|Any CPU
		Release|Any CPU = Release|Any CPU
	EndGlobalSection
	GlobalSection(ProjectConfigurationPlatforms) = postSolution
		{A78A7425-E362-49E5-9491-971AEEFD81E0}.Debug|Any CPU.ActiveCfg = Debug|Any CPU
		{A78A7425-E362-49E5-9491-971AEEFD81E0}.Debug|Any CPU.Build.0 = Debug|Any CPU
		{A78A7425-E362-49E5-9491-971AEEFD81E0}.Release|Any CPU.ActiveCfg = Release|Any CPU
		{A78A7425-E362-49E5-9491-971AEEFD81E0}.Release|Any CPU.Build.0 = Release|Any CPU
	EndGlobalSection
	GlobalSection(SolutionProperties) = preSolution
		HideSolutionNode = FALSE
	EndGlobalSection
	GlobalSection(ExtensibilityGlobals) = postSolution
		SolutionGuid = {E26EA3F8-21F1-4BBA-B39E-85F6224312D9}
	EndGlobalSection
EndGlobal
